
Microsoft Visual Studio Solution File, Format Version 12.00
# Visual Studio 15
Project("{FAE04EC0-301F-11D3-BF4B-00C04F79EFBC}") = "EnterNotGungeon", "EnterNotGungeon.csproj", "{DDD1674A-C428-10B4-CFA2-792C9EA206AF}"
EndProject
Global
	GlobalSection(SolutionConfigurationPlatforms) = preSolution
		Debug|Any CPU = Debug|Any CPU
		Release|Any CPU = Release|Any CPU
	EndGlobalSection
	GlobalSection(ProjectConfigurationPlatforms) = postSolution
		{DDD1674A-C428-10B4-CFA2-792C9EA206AF}.Debug|Any CPU.ActiveCfg = Debug|Any CPU
		{DDD1674A-C428-10B4-CFA2-792C9EA206AF}.Debug|Any CPU.Build.0 = Debug|Any CPU
		{DDD1674A-C428-10B4-CFA2-792C9EA206AF}.Release|Any CPU.ActiveCfg = Release|Any CPU
		{DDD1674A-C428-10B4-CFA2-792C9EA206AF}.Release|Any CPU.Build.0 = Release|Any CPU
	EndGlobalSection
	GlobalSection(SolutionProperties) = preSolution
		HideSolutionNode = FALSE
	EndGlobalSection
EndGlobal
